
Microsoft Visual Studio Solution File, Format Version 12.00
# Visual Studio Version 16
VisualStudioVersion = 16.0.30413.136
MinimumVisualStudioVersion = 10.0.40219.1
Project("{FAE04EC0-301F-11D3-BF4B-00C04F79EFBC}") = "angularsignalr", "angularsignalr.csproj", "{D3A8E155-B041-4755-B527-1CDC406598B0}"
EndProject
Global
	GlobalSection(SolutionConfigurationPlatforms) = preSolution
		Debug|Any CPU = Debug|Any CPU
		Release|Any CPU = Release|Any CPU
	EndGlobalSection
	GlobalSection(ProjectConfigurationPlatforms) = postSolution
		{D3A8E155-B041-4755-B527-1CDC406598B0}.Debug|Any CPU.ActiveCfg = Debug|Any CPU
		{D3A8E155-B041-4755-B527-1CDC406598B0}.Debug|Any CPU.Build.0 = Debug|Any CPU
		{D3A8E155-B041-4755-B527-1CDC406598B0}.Release|Any CPU.ActiveCfg = Release|Any CPU
		{D3A8E155-B041-4755-B527-1CDC406598B0}.Release|Any CPU.Build.0 = Release|Any CPU
	EndGlobalSection
	GlobalSection(SolutionProperties) = preSolution
		HideSolutionNode = FALSE
	EndGlobalSection
	GlobalSection(ExtensibilityGlobals) = postSolution
		SolutionGuid = {F8F24607-3DD5-47DA-A529-A4FDF2ED90EB}
	EndGlobalSection
EndGlobal
